
Microsoft Visual Studio Solution File, Format Version 12.00
# Visual Studio Version 16
VisualStudioVersion = 16.0.31624.102
MinimumVisualStudioVersion = 10.0.40219.1
Project("{9A19103F-16F7-4668-BE54-9A1E7A4F7556}") = "Driver", "Driver\Driver.csproj", "{0E287709-0384-46F3-95B9-2B986C70953F}"
EndProject
Project("{FAE04EC0-301F-11D3-BF4B-00C04F79EFBC}") = "Fleet", "Fleet\Fleet.csproj", "{BEEB620A-9B45-4AF6-8FEA-071C484A18A1}"
EndProject
Project("{FAE04EC0-301F-11D3-BF4B-00C04F79EFBC}") = "FleetTest", "FleetTest\FleetTest.csproj", "{4C225D12-3D7E-4C66-A72C-2AE0A9823126}"
EndProject
Project("{2150E333-8FDC-42A3-9474-1A3956D46DE8}") = "Driver", "Driver", "{B960B7ED-A9A7-4CD7-8AC2-5D42E3AA21CE}"
EndProject
Project("{2150E333-8FDC-42A3-9474-1A3956D46DE8}") = "Fleet", "Fleet", "{1129F62D-DEE6-4AB1-97B1-2BF033DE89C8}"
EndProject
Global
	GlobalSection(SolutionConfigurationPlatforms) = preSolution
		Debug|Any CPU = Debug|Any CPU
		Release|Any CPU = Release|Any CPU
	EndGlobalSection
	GlobalSection(ProjectConfigurationPlatforms) = postSolution
		{0E287709-0384-46F3-95B9-2B986C70953F}.Debug|Any CPU.ActiveCfg = Debug|Any CPU
		{0E287709-0384-46F3-95B9-2B986C70953F}.Debug|Any CPU.Build.0 = Debug|Any CPU
		{0E287709-0384-46F3-95B9-2B986C70953F}.Release|Any CPU.ActiveCfg = Release|Any CPU
		{0E287709-0384-46F3-95B9-2B986C70953F}.Release|Any CPU.Build.0 = Release|Any CPU
		{BEEB620A-9B45-4AF6-8FEA-071C484A18A1}.Debug|Any CPU.ActiveCfg = Debug|Any CPU
		{BEEB620A-9B45-4AF6-8FEA-071C484A18A1}.Debug|Any CPU.Build.0 = Debug|Any CPU
		{BEEB620A-9B45-4AF6-8FEA-071C484A18A1}.Release|Any CPU.ActiveCfg = Release|Any CPU
		{BEEB620A-9B45-4AF6-8FEA-071C484A18A1}.Release|Any CPU.Build.0 = Release|Any CPU
		{4C225D12-3D7E-4C66-A72C-2AE0A9823126}.Debug|Any CPU.ActiveCfg = Debug|Any CPU
		{4C225D12-3D7E-4C66-A72C-2AE0A9823126}.Debug|Any CPU.Build.0 = Debug|Any CPU
		{4C225D12-3D7E-4C66-A72C-2AE0A9823126}.Release|Any CPU.ActiveCfg = Release|Any CPU
		{4C225D12-3D7E-4C66-A72C-2AE0A9823126}.Release|Any CPU.Build.0 = Release|Any CPU
	EndGlobalSection
	GlobalSection(SolutionProperties) = preSolution
		HideSolutionNode = FALSE
	EndGlobalSection
	GlobalSection(NestedProjects) = preSolution
		{0E287709-0384-46F3-95B9-2B986C70953F} = {B960B7ED-A9A7-4CD7-8AC2-5D42E3AA21CE}
		{BEEB620A-9B45-4AF6-8FEA-071C484A18A1} = {1129F62D-DEE6-4AB1-97B1-2BF033DE89C8}
		{4C225D12-3D7E-4C66-A72C-2AE0A9823126} = {1129F62D-DEE6-4AB1-97B1-2BF033DE89C8}
	EndGlobalSection
	GlobalSection(ExtensibilityGlobals) = postSolution
		SolutionGuid = {87E98DFA-C391-402B-AE50-A6F16EAA9AF7}
	EndGlobalSection
EndGlobal
