
Microsoft Visual Studio Solution File, Format Version 12.00
# Visual Studio Version 16
VisualStudioVersion = 16.0.31624.102
MinimumVisualStudioVersion = 10.0.40219.1
Project("{9A19103F-16F7-4668-BE54-9A1E7A4F7556}") = "DriverService", "Driver\DriverService.csproj", "{0E287709-0384-46F3-95B9-2B986C70953F}"
EndProject
Project("{9A19103F-16F7-4668-BE54-9A1E7A4F7556}") = "Fleet", "Fleet\Fleet.csproj", "{BEEB620A-9B45-4AF6-8FEA-071C484A18A1}"
EndProject
Project("{9A19103F-16F7-4668-BE54-9A1E7A4F7556}") = "FleetTest", "FleetTest\FleetTest.csproj", "{4C225D12-3D7E-4C66-A72C-2AE0A9823126}"
EndProject
Project("{2150E333-8FDC-42A3-9474-1A3956D46DE8}") = "Driver", "Driver", "{B960B7ED-A9A7-4CD7-8AC2-5D42E3AA21CE}"
EndProject
Project("{2150E333-8FDC-42A3-9474-1A3956D46DE8}") = "Fleet", "Fleet", "{1129F62D-DEE6-4AB1-97B1-2BF033DE89C8}"
EndProject
Project("{9A19103F-16F7-4668-BE54-9A1E7A4F7556}") = "DriverServiceTest", "DriverServiceTest\DriverServiceTest.csproj", "{57FFEDED-DE45-4398-A9D9-A6F4E5076BB5}"
EndProject
Project("{2150E333-8FDC-42A3-9474-1A3956D46DE8}") = "Frontend", "Frontend", "{1C7477C3-C818-425E-8F33-234637DA3970}"
EndProject
Project("{2150E333-8FDC-42A3-9474-1A3956D46DE8}") = "Driver", "Driver", "{F4CBF117-B92D-4B55-859B-A5AC3EC3CBE7}"
EndProject
Project("{2150E333-8FDC-42A3-9474-1A3956D46DE8}") = "Administration", "Administration", "{6F67E035-8958-42A4-8732-E179820F7A60}"
EndProject
Project("{2150E333-8FDC-42A3-9474-1A3956D46DE8}") = "PublicWeb", "PublicWeb", "{390E70BF-4116-4674-BB78-CC835974FD74}"
EndProject
Project("{2150E333-8FDC-42A3-9474-1A3956D46DE8}") = "Route", "Route", "{315E4C4F-97E9-4C08-87C5-72DC51F52A39}"
EndProject
Project("{2150E333-8FDC-42A3-9474-1A3956D46DE8}") = "Container", "Container", "{429EB1D7-8733-499B-A59F-990EBB06C338}"
EndProject
Project("{2150E333-8FDC-42A3-9474-1A3956D46DE8}") = "Storage", "Storage", "{F7AA8AC2-4D62-492F-A5D8-691B997C4C88}"
EndProject
Project("{2150E333-8FDC-42A3-9474-1A3956D46DE8}") = "Customer", "Customer", "{1D684D29-4B42-4C50-BE50-75CB31E8350E}"
EndProject
Project("{2150E333-8FDC-42A3-9474-1A3956D46DE8}") = "Employee", "Employee", "{E9B04DD4-E474-4D6B-8722-E202E4AA5926}"
EndProject
Project("{2150E333-8FDC-42A3-9474-1A3956D46DE8}") = "Terminal", "Terminal", "{5FB0CABB-930F-4122-8D16-3845F2DB37C5}"
EndProject
Project("{2150E333-8FDC-42A3-9474-1A3956D46DE8}") = "Real-Time", "Real-Time", "{0B1547F6-CC99-4334-B011-233080770986}"
EndProject
Project("{2150E333-8FDC-42A3-9474-1A3956D46DE8}") = "Navision-Comunication", "Navision-Comunication", "{FACA0C11-1620-4A9A-A983-80296F38D174}"
EndProject
Project("{2150E333-8FDC-42A3-9474-1A3956D46DE8}") = "Core", "Core", "{72BE9B47-6022-463C-9AB5-3B184DE5C30A}"
EndProject
Project("{9A19103F-16F7-4668-BE54-9A1E7A4F7556}") = "InterfacesLib", "InterfacesLib\InterfacesLib.csproj", "{C6C6318A-AF09-4947-9732-119B1571308B}"
EndProject
Project("{9A19103F-16F7-4668-BE54-9A1E7A4F7556}") = "Fleet.Businesslogic", "Businesslogic\Fleet.Businesslogic.csproj", "{A0951CC1-C70B-4981-B7C3-34A57CB070C1}"
EndProject
Project("{9A19103F-16F7-4668-BE54-9A1E7A4F7556}") = "Driver.BusinessLogic", "DriverBusinessLogic\Driver.BusinessLogic.csproj", "{53CF395A-AFC8-4DA8-994B-44F99F716DB9}"
EndProject
Project("{9A19103F-16F7-4668-BE54-9A1E7A4F7556}") = "Fleet.DataBaseLayre", "DataBase\Fleet.DataBaseLayre.csproj", "{7BEADD9F-FDA4-451F-9F82-7AC49A2DB460}"
EndProject
Project("{FAE04EC0-301F-11D3-BF4B-00C04F79EFBC}") = "AA-Driver", "Frontend\AA-Driver\AA-Driver.csproj", "{B9629879-04D5-4577-B40A-E87E83A41DE4}"
EndProject
Project("{FAE04EC0-301F-11D3-BF4B-00C04F79EFBC}") = "DriverApp", "Frontend\DriverApp\DriverApp.csproj", "{180E96CA-E848-4088-90E6-74DD44F18B50}"
EndProject
Global
	GlobalSection(SolutionConfigurationPlatforms) = preSolution
		Debug|Any CPU = Debug|Any CPU
		Release|Any CPU = Release|Any CPU
	EndGlobalSection
	GlobalSection(ProjectConfigurationPlatforms) = postSolution
		{0E287709-0384-46F3-95B9-2B986C70953F}.Debug|Any CPU.ActiveCfg = Debug|Any CPU
		{0E287709-0384-46F3-95B9-2B986C70953F}.Debug|Any CPU.Build.0 = Debug|Any CPU
		{0E287709-0384-46F3-95B9-2B986C70953F}.Release|Any CPU.ActiveCfg = Release|Any CPU
		{0E287709-0384-46F3-95B9-2B986C70953F}.Release|Any CPU.Build.0 = Release|Any CPU
		{BEEB620A-9B45-4AF6-8FEA-071C484A18A1}.Debug|Any CPU.ActiveCfg = Debug|Any CPU
		{BEEB620A-9B45-4AF6-8FEA-071C484A18A1}.Debug|Any CPU.Build.0 = Debug|Any CPU
		{BEEB620A-9B45-4AF6-8FEA-071C484A18A1}.Release|Any CPU.ActiveCfg = Release|Any CPU
		{BEEB620A-9B45-4AF6-8FEA-071C484A18A1}.Release|Any CPU.Build.0 = Release|Any CPU
		{4C225D12-3D7E-4C66-A72C-2AE0A9823126}.Debug|Any CPU.ActiveCfg = Debug|Any CPU
		{4C225D12-3D7E-4C66-A72C-2AE0A9823126}.Debug|Any CPU.Build.0 = Debug|Any CPU
		{4C225D12-3D7E-4C66-A72C-2AE0A9823126}.Release|Any CPU.ActiveCfg = Release|Any CPU
		{4C225D12-3D7E-4C66-A72C-2AE0A9823126}.Release|Any CPU.Build.0 = Release|Any CPU
		{57FFEDED-DE45-4398-A9D9-A6F4E5076BB5}.Debug|Any CPU.ActiveCfg = Debug|Any CPU
		{57FFEDED-DE45-4398-A9D9-A6F4E5076BB5}.Debug|Any CPU.Build.0 = Debug|Any CPU
		{57FFEDED-DE45-4398-A9D9-A6F4E5076BB5}.Release|Any CPU.ActiveCfg = Release|Any CPU
		{57FFEDED-DE45-4398-A9D9-A6F4E5076BB5}.Release|Any CPU.Build.0 = Release|Any CPU
		{C6C6318A-AF09-4947-9732-119B1571308B}.Debug|Any CPU.ActiveCfg = Debug|Any CPU
		{C6C6318A-AF09-4947-9732-119B1571308B}.Debug|Any CPU.Build.0 = Debug|Any CPU
		{C6C6318A-AF09-4947-9732-119B1571308B}.Release|Any CPU.ActiveCfg = Release|Any CPU
		{C6C6318A-AF09-4947-9732-119B1571308B}.Release|Any CPU.Build.0 = Release|Any CPU
		{A0951CC1-C70B-4981-B7C3-34A57CB070C1}.Debug|Any CPU.ActiveCfg = Debug|Any CPU
		{A0951CC1-C70B-4981-B7C3-34A57CB070C1}.Debug|Any CPU.Build.0 = Debug|Any CPU
		{A0951CC1-C70B-4981-B7C3-34A57CB070C1}.Release|Any CPU.ActiveCfg = Release|Any CPU
		{A0951CC1-C70B-4981-B7C3-34A57CB070C1}.Release|Any CPU.Build.0 = Release|Any CPU
		{53CF395A-AFC8-4DA8-994B-44F99F716DB9}.Debug|Any CPU.ActiveCfg = Debug|Any CPU
		{53CF395A-AFC8-4DA8-994B-44F99F716DB9}.Debug|Any CPU.Build.0 = Debug|Any CPU
		{53CF395A-AFC8-4DA8-994B-44F99F716DB9}.Release|Any CPU.ActiveCfg = Release|Any CPU
		{53CF395A-AFC8-4DA8-994B-44F99F716DB9}.Release|Any CPU.Build.0 = Release|Any CPU
		{7BEADD9F-FDA4-451F-9F82-7AC49A2DB460}.Debug|Any CPU.ActiveCfg = Debug|Any CPU
		{7BEADD9F-FDA4-451F-9F82-7AC49A2DB460}.Debug|Any CPU.Build.0 = Debug|Any CPU
		{7BEADD9F-FDA4-451F-9F82-7AC49A2DB460}.Release|Any CPU.ActiveCfg = Release|Any CPU
		{7BEADD9F-FDA4-451F-9F82-7AC49A2DB460}.Release|Any CPU.Build.0 = Release|Any CPU
		{B9629879-04D5-4577-B40A-E87E83A41DE4}.Debug|Any CPU.ActiveCfg = Debug|Any CPU
		{B9629879-04D5-4577-B40A-E87E83A41DE4}.Debug|Any CPU.Build.0 = Debug|Any CPU
		{B9629879-04D5-4577-B40A-E87E83A41DE4}.Release|Any CPU.ActiveCfg = Release|Any CPU
		{B9629879-04D5-4577-B40A-E87E83A41DE4}.Release|Any CPU.Build.0 = Release|Any CPU
		{180E96CA-E848-4088-90E6-74DD44F18B50}.Debug|Any CPU.ActiveCfg = Debug|Any CPU
		{180E96CA-E848-4088-90E6-74DD44F18B50}.Debug|Any CPU.Build.0 = Debug|Any CPU
		{180E96CA-E848-4088-90E6-74DD44F18B50}.Release|Any CPU.ActiveCfg = Release|Any CPU
		{180E96CA-E848-4088-90E6-74DD44F18B50}.Release|Any CPU.Build.0 = Release|Any CPU
	EndGlobalSection
	GlobalSection(SolutionProperties) = preSolution
		HideSolutionNode = FALSE
	EndGlobalSection
	GlobalSection(NestedProjects) = preSolution
		{0E287709-0384-46F3-95B9-2B986C70953F} = {B960B7ED-A9A7-4CD7-8AC2-5D42E3AA21CE}
		{BEEB620A-9B45-4AF6-8FEA-071C484A18A1} = {1129F62D-DEE6-4AB1-97B1-2BF033DE89C8}
		{4C225D12-3D7E-4C66-A72C-2AE0A9823126} = {1129F62D-DEE6-4AB1-97B1-2BF033DE89C8}
		{57FFEDED-DE45-4398-A9D9-A6F4E5076BB5} = {B960B7ED-A9A7-4CD7-8AC2-5D42E3AA21CE}
		{F4CBF117-B92D-4B55-859B-A5AC3EC3CBE7} = {1C7477C3-C818-425E-8F33-234637DA3970}
		{6F67E035-8958-42A4-8732-E179820F7A60} = {1C7477C3-C818-425E-8F33-234637DA3970}
		{390E70BF-4116-4674-BB78-CC835974FD74} = {1C7477C3-C818-425E-8F33-234637DA3970}
		{C6C6318A-AF09-4947-9732-119B1571308B} = {72BE9B47-6022-463C-9AB5-3B184DE5C30A}
		{A0951CC1-C70B-4981-B7C3-34A57CB070C1} = {1129F62D-DEE6-4AB1-97B1-2BF033DE89C8}
		{53CF395A-AFC8-4DA8-994B-44F99F716DB9} = {B960B7ED-A9A7-4CD7-8AC2-5D42E3AA21CE}
		{7BEADD9F-FDA4-451F-9F82-7AC49A2DB460} = {1129F62D-DEE6-4AB1-97B1-2BF033DE89C8}
		{B9629879-04D5-4577-B40A-E87E83A41DE4} = {F4CBF117-B92D-4B55-859B-A5AC3EC3CBE7}
		{180E96CA-E848-4088-90E6-74DD44F18B50} = {F4CBF117-B92D-4B55-859B-A5AC3EC3CBE7}
	EndGlobalSection
	GlobalSection(ExtensibilityGlobals) = postSolution
		SolutionGuid = {87E98DFA-C391-402B-AE50-A6F16EAA9AF7}
	EndGlobalSection
EndGlobal
